{
    "_meta": {
        "hash": {
            "sha256": "33d3027f50ca00ec56da74d688bf565596a4954168f666e0603cdd9a221c11dd"
        },
        "pipfile-spec": 6,
        "requires": {
            "python_version": "3.7"
        },
        "sources": [
            {
                "name": "pypi",
                "url": "https://pypi.org/simple",
                "verify_ssl": true
            }
        ]
    },
    "default": {
        "aiofiles": {
            "hashes": [
                "sha256:7a973fc22b29e9962d0897805ace5856e6a566ab1f0c8e5c91ff6c866519c937",
                "sha256:8334f23235248a3b2e83b2c3a78a22674f39969b96397126cc93664d9a901e59"
            ],
            "markers": "python_version >= '3.6' and python_version < '4'",
            "version": "==0.8.0"
        },
        "aniso8601": {
            "hashes": [
                "sha256:1d2b7ef82963909e93c4f24ce48d4de9e66009a21bf1c1e1c85bdd0812fe412f",
                "sha256:72e3117667eedf66951bb2d93f4296a56b94b078a8a95905a052611fb3f1b973"
            ],
            "version": "==9.0.1"
        },
        "certifi": {
            "hashes": [
                "sha256:84c85a9078b11105f04f3036a9482ae10e4621616db313fe045dd24743a0820d",
                "sha256:fe86415d55e84719d75f8b69414f6438ac3547d2078ab91b67e779ef69378412"
            ],
            "markers": "python_version >= '3.6'",
            "version": "==2022.6.15"
        },
        "charset-normalizer": {
            "hashes": [
                "sha256:5189b6f22b01957427f35b6a08d9a0bc45b46d3788ef5a92e978433c7a35f8a5",
                "sha256:575e708016ff3a5e3681541cb9d79312c416835686d054a23accb873b254f413"
            ],
            "markers": "python_version >= '3.6'",
            "version": "==2.1.0"
        },
        "click": {
            "hashes": [
                "sha256:d2b5255c7c6349bc1bd1e59e08cd12acbbd63ce649f2588755783aa94dfb6b1a",
                "sha256:dacca89f4bfadd5de3d7489b7c8a566eee0d3676333fbb50030263894c38c0dc"
            ],
            "markers": "python_version >= '2.7' and python_version not in '3.0, 3.1, 3.2, 3.3, 3.4'",
            "version": "==7.1.2"
        },
        "graphene": {
            "hashes": [
                "sha256:73332510a14b94fcb925dae4563ad6a028d414144704fdcc191565af72608798",
                "sha256:99becdccd2683c2db1a8486e98d007b5e64fa2ff0922e6c1b08e19233031368d"
            ],
            "version": "==3.1"
        },
        "graphql-core": {
            "hashes": [
                "sha256:9d1bf141427b7d54be944587c8349df791ce60ade2e3cccaf9c56368c133c201",
                "sha256:f83c658e4968998eed1923a2e3e3eddd347e005ac0315fbb7ca4d70ea9156323"
            ],
            "markers": "python_version >= '3.6' and python_version < '4'",
            "version": "==3.2.1"
        },
        "graphql-relay": {
            "hashes": [
                "sha256:1ff1c51298356e481a0be009ccdff249832ce53f30559c1338f22a0e0d17250c",
                "sha256:c9b22bd28b170ba1fe674c74384a8ff30a76c8e26f88ac3aa1584dd3179953e5"
            ],
            "markers": "python_version >= '3.6' and python_version < '4'",
            "version": "==3.2.0"
        },
        "h11": {
            "hashes": [
                "sha256:acca6a44cb52a32ab442b1779adf0875c443c689e9e028f8d831a3769f9c5208",
                "sha256:f2b1ca39bfed357d1f19ac732913d5f9faa54a5062eca7d2ec3a916cfb7ae4c7"
            ],
            "version": "==0.8.1"
        },
        "httptools": {
            "hashes": [
                "sha256:e00cbd7ba01ff748e494248183abc6e153f49181169d8a3d41bb49132ca01dfc"
            ],
            "markers": "sys_platform != 'win32' and sys_platform != 'cygwin' and platform_python_implementation != 'pypy'",
            "version": "==0.0.13"
        },
        "idna": {
            "hashes": [
                "sha256:84d9dd047ffa80596e0f246e2eab0b391788b0503584e8945f2368256d2735ff",
                "sha256:9d643ff0a55b762d5cdb124b8eaa99c66322e2157b69160bc32796e824360e6d"
            ],
            "markers": "python_version >= '3.5'",
            "version": "==3.3"
        },
        "itsdangerous": {
            "hashes": [
                "sha256:2c2349112351b88699d8d4b6b075022c0808887cb7ad10069318a8b0bc88db44",
                "sha256:5dbbc68b317e5e42f327f9021763545dc3fc3bfe22e6deb96aaf1fc38874156a"
            ],
            "markers": "python_version >= '3.7'",
            "version": "==2.1.2"
        },
        "jinja2": {
            "hashes": [
                "sha256:31351a702a408a9e7595a8fc6150fc3f43bb6bf7e319770cbc0db9df9437e852",
                "sha256:6088930bfe239f0e6710546ab9c19c9ef35e29792895fed6e6e31a023a182a61"
            ],
            "markers": "python_version >= '3.7'",
            "version": "==3.1.2"
        },
        "markupsafe": {
            "hashes": [
                "sha256:0212a68688482dc52b2d45013df70d169f542b7394fc744c02a57374a4207003",
                "sha256:089cf3dbf0cd6c100f02945abeb18484bd1ee57a079aefd52cffd17fba910b88",
                "sha256:10c1bfff05d95783da83491be968e8fe789263689c02724e0c691933c52994f5",
                "sha256:33b74d289bd2f5e527beadcaa3f401e0df0a89927c1559c8566c066fa4248ab7",
                "sha256:3799351e2336dc91ea70b034983ee71cf2f9533cdff7c14c90ea126bfd95d65a",
                "sha256:3ce11ee3f23f79dbd06fb3d63e2f6af7b12db1d46932fe7bd8afa259a5996603",
                "sha256:421be9fbf0ffe9ffd7a378aafebbf6f4602d564d34be190fc19a193232fd12b1",
                "sha256:43093fb83d8343aac0b1baa75516da6092f58f41200907ef92448ecab8825135",
                "sha256:46d00d6cfecdde84d40e572d63735ef81423ad31184100411e6e3388d405e247",
                "sha256:4a33dea2b688b3190ee12bd7cfa29d39c9ed176bda40bfa11099a3ce5d3a7ac6",
                "sha256:4b9fe39a2ccc108a4accc2676e77da025ce383c108593d65cc909add5c3bd601",
                "sha256:56442863ed2b06d19c37f94d999035e15ee982988920e12a5b4ba29b62ad1f77",
                "sha256:671cd1187ed5e62818414afe79ed29da836dde67166a9fac6d435873c44fdd02",
                "sha256:694deca8d702d5db21ec83983ce0bb4b26a578e71fbdbd4fdcd387daa90e4d5e",
                "sha256:6a074d34ee7a5ce3effbc526b7083ec9731bb3cbf921bbe1d3005d4d2bdb3a63",
                "sha256:6d0072fea50feec76a4c418096652f2c3238eaa014b2f94aeb1d56a66b41403f",
                "sha256:6fbf47b5d3728c6aea2abb0589b5d30459e369baa772e0f37a0320185e87c980",
                "sha256:7f91197cc9e48f989d12e4e6fbc46495c446636dfc81b9ccf50bb0ec74b91d4b",
                "sha256:86b1f75c4e7c2ac2ccdaec2b9022845dbb81880ca318bb7a0a01fbf7813e3812",
                "sha256:8dc1c72a69aa7e082593c4a203dcf94ddb74bb5c8a731e4e1eb68d031e8498ff",
                "sha256:8e3dcf21f367459434c18e71b2a9532d96547aef8a871872a5bd69a715c15f96",
                "sha256:8e576a51ad59e4bfaac456023a78f6b5e6e7651dcd383bcc3e18d06f9b55d6d1",
                "sha256:96e37a3dc86e80bf81758c152fe66dbf60ed5eca3d26305edf01892257049925",
                "sha256:97a68e6ada378df82bc9f16b800ab77cbf4b2fada0081794318520138c088e4a",
                "sha256:99a2a507ed3ac881b975a2976d59f38c19386d128e7a9a18b7df6fff1fd4c1d6",
                "sha256:a49907dd8420c5685cfa064a1335b6754b74541bbb3706c259c02ed65b644b3e",
                "sha256:b09bf97215625a311f669476f44b8b318b075847b49316d3e28c08e41a7a573f",
                "sha256:b7bd98b796e2b6553da7225aeb61f447f80a1ca64f41d83612e6139ca5213aa4",
                "sha256:b87db4360013327109564f0e591bd2a3b318547bcef31b468a92ee504d07ae4f",
                "sha256:bcb3ed405ed3222f9904899563d6fc492ff75cce56cba05e32eff40e6acbeaa3",
                "sha256:d4306c36ca495956b6d568d276ac11fdd9c30a36f1b6eb928070dc5360b22e1c",
                "sha256:d5ee4f386140395a2c818d149221149c54849dfcfcb9f1debfe07a8b8bd63f9a",
                "sha256:dda30ba7e87fbbb7eab1ec9f58678558fd9a6b8b853530e176eabd064da81417",
                "sha256:e04e26803c9c3851c931eac40c695602c6295b8d432cbe78609649ad9bd2da8a",
                "sha256:e1c0b87e09fa55a220f058d1d49d3fb8df88fbfab58558f1198e08c1e1de842a",
                "sha256:e72591e9ecd94d7feb70c1cbd7be7b3ebea3f548870aa91e2732960fa4d57a37",
                "sha256:e8c843bbcda3a2f1e3c2ab25913c80a3c5376cd00c6e8c4a86a89a28c8dc5452",
                "sha256:efc1913fd2ca4f334418481c7e595c00aad186563bbc1ec76067848c7ca0a933",
                "sha256:f121a1420d4e173a5d96e47e9a0c0dcff965afdf1626d28de1460815f7c4ee7a",
                "sha256:fc7b548b17d238737688817ab67deebb30e8073c95749d55538ed473130ec0c7"
            ],
            "markers": "python_version >= '3.7'",
            "version": "==2.1.1"
        },
        "pony": {
            "hashes": [
                "sha256:55bb9d4d12029d8c2bbbc7a284970e72225035db7e6370c0a15ec93d1886fe88"
            ],
            "index": "pypi",
            "version": "==0.7.10"
        },
        "python-multipart": {
            "hashes": [
                "sha256:f7bb5f611fc600d15fa47b3974c8aa16e93724513b49b5f95c81e6624c83fa43"
            ],
            "version": "==0.0.5"
        },
        "pyyaml": {
            "hashes": [
                "sha256:0283c35a6a9fbf047493e3a0ce8d79ef5030852c51e9d911a27badfde0605293",
                "sha256:055d937d65826939cb044fc8c9b08889e8c743fdc6a32b33e2390f66013e449b",
                "sha256:07751360502caac1c067a8132d150cf3d61339af5691fe9e87803040dbc5db57",
                "sha256:0b4624f379dab24d3725ffde76559cff63d9ec94e1736b556dacdfebe5ab6d4b",
                "sha256:0ce82d761c532fe4ec3f87fc45688bdd3a4c1dc5e0b4a19814b9009a29baefd4",
                "sha256:1e4747bc279b4f613a09eb64bba2ba602d8a6664c6ce6396a4d0cd413a50ce07",
                "sha256:213c60cd50106436cc818accf5baa1aba61c0189ff610f64f4a3e8c6726218ba",
                "sha256:231710d57adfd809ef5d34183b8ed1eeae3f76459c18fb4a0b373ad56bedcdd9",
                "sha256:277a0ef2981ca40581a47093e9e2d13b3f1fbbeffae064c1d21bfceba2030287",
                "sha256:2cd5df3de48857ed0544b34e2d40e9fac445930039f3cfe4bcc592a1f836d513",
                "sha256:40527857252b61eacd1d9af500c3337ba8deb8fc298940291486c465c8b46ec0",
                "sha256:473f9edb243cb1935ab5a084eb238d842fb8f404ed2193a915d1784b5a6b5fc0",
                "sha256:48c346915c114f5fdb3ead70312bd042a953a8ce5c7106d5bfb1a5254e47da92",
                "sha256:50602afada6d6cbfad699b0c7bb50d5ccffa7e46a3d738092afddc1f9758427f",
                "sha256:68fb519c14306fec9720a2a5b45bc9f0c8d1b9c72adf45c37baedfcd949c35a2",
                "sha256:77f396e6ef4c73fdc33a9157446466f1cff553d979bd00ecb64385760c6babdc",
                "sha256:819b3830a1543db06c4d4b865e70ded25be52a2e0631ccd2f6a47a2822f2fd7c",
                "sha256:897b80890765f037df3403d22bab41627ca8811ae55e9a722fd0392850ec4d86",
                "sha256:98c4d36e99714e55cfbaaee6dd5badbc9a1ec339ebfc3b1f52e293aee6bb71a4",
                "sha256:9df7ed3b3d2e0ecfe09e14741b857df43adb5a3ddadc919a2d94fbdf78fea53c",
                "sha256:9fa600030013c4de8165339db93d182b9431076eb98eb40ee068700c9c813e34",
                "sha256:a80a78046a72361de73f8f395f1f1e49f956c6be882eed58505a15f3e430962b",
                "sha256:b3d267842bf12586ba6c734f89d1f5b871df0273157918b0ccefa29deb05c21c",
                "sha256:b5b9eccad747aabaaffbc6064800670f0c297e52c12754eb1d976c57e4f74dcb",
                "sha256:c5687b8d43cf58545ade1fe3e055f70eac7a5a1a0bf42824308d868289a95737",
                "sha256:cba8c411ef271aa037d7357a2bc8f9ee8b58b9965831d9e51baf703280dc73d3",
                "sha256:d15a181d1ecd0d4270dc32edb46f7cb7733c7c508857278d3d378d14d606db2d",
                "sha256:d4db7c7aef085872ef65a8fd7d6d09a14ae91f691dec3e87ee5ee0539d516f53",
                "sha256:d4eccecf9adf6fbcc6861a38015c2a64f38b9d94838ac1810a9023a0609e1b78",
                "sha256:d67d839ede4ed1b28a4e8909735fc992a923cdb84e618544973d7dfc71540803",
                "sha256:daf496c58a8c52083df09b80c860005194014c3698698d1a57cbcfa182142a3a",
                "sha256:e61ceaab6f49fb8bdfaa0f92c4b57bcfbea54c09277b1b4f7ac376bfb7a7c174",
                "sha256:f84fbc98b019fef2ee9a1cb3ce93e3187a6df0b2538a651bfb890254ba9f90b5"
            ],
            "markers": "python_version >= '3.6'",
            "version": "==6.0"
        },
        "requests": {
            "hashes": [
                "sha256:7c5599b102feddaa661c826c56ab4fee28bfd17f5abca1ebbe3e7f19d7c97983",
                "sha256:8fefa2a1a1365bf5520aac41836fbee479da67864514bdb821f31ce07ce65349"
            ],
            "markers": "python_version >= '3.7' and python_version < '4'",
            "version": "==2.28.1"
        },
        "six": {
            "hashes": [
                "sha256:1e61c37477a1626458e36f7b1d82aa5c9b094fa4802892072e49de9c60c4c926",
                "sha256:8abb2f1d86890a2dfb989f9a77cfcfd3e47c2a354b01111771326f8aa26e0254"
            ],
            "markers": "python_version >= '2.7' and python_version not in '3.0, 3.1, 3.2, 3.3'",
            "version": "==1.16.0"
        },
        "starlette": {
            "extras": [
                "full"
            ],
            "hashes": [
                "sha256:c2ac9a42e0e0328ad20fe444115ac5e3760c1ee2ac1ff8cdb5ec915c4a453411"
            ],
            "index": "pypi",
            "version": "==0.12.9"
        },
        "typing-extensions": {
            "hashes": [
                "sha256:25642c956049920a5aa49edcdd6ab1e06d7e5d467fc00e0506c44ac86fbfca02",
                "sha256:e6d2677a32f47fc7eb2795db1dd15c1f34eff616bcaf2cfb5e997f854fa1c4a6"
            ],
            "markers": "python_version < '3.8'",
            "version": "==4.3.0"
        },
        "ujson": {
            "hashes": [
                "sha256:025758cf6561af6986d77cd4af9367ab56dde5c7c50f13f59e6964b4b25df73e",
                "sha256:0551c1ba0bc9e05b69d9c18266dbc93252b5fa3cd9940051bc88a0dd33607b19",
                "sha256:05e411627e5d6ee773232960ca7307e66017f78e3fa74f7e95c3a8cc5cb05415",
                "sha256:0b46aee21e5d75426c4058dfdb42f7e7b1d130c664ee5027a8dbbc50872dc32b",
                "sha256:0bcde3135265ecdd5714a7de4fdc167925390d7b17ca325e59980f4114c962b8",
                "sha256:1120c8263f7d85e89533a2b46d80cc6def15114772010ede4d197739e111dba6",
                "sha256:13297a7d501f9c8c53e409d4fa57cc574e4fbfbe8807ef2c4c7ce2e3ec933a85",
                "sha256:191f88d5865740497b9827ef9b7c12f37a79872ac984e09f0901a10024019380",
                "sha256:1a2e645325f844f9c890c9d956fc2d35ca91f38c857278238ef6516c2f99cf7c",
                "sha256:2974b17bc522ef86d98b498959d82f03c02e07d9eb08746026415298f4a4bca3",
                "sha256:2d98248f1df1e1aab67e0374ab98945dd36bc1764753d71fd8aea5f296360b76",
                "sha256:31bdb6d771d5ef6d37134b42211500bfe176c55d399f3317e569783dc42ed38e",
                "sha256:3212847d3885bfd4f5fd56cdc37645a8f8e8a80d6cb569505da22fd9eb0e1a02",
                "sha256:326a96324ed9215b0bc9f1a5af324fb33900b6b0901516bcc421475d6596de0d",
                "sha256:381c97d326d1ec569d318cc0ae83940ea2df125ede1000871680fefd5b7fdea9",
                "sha256:39bb702ca1612253b5e4b6004e0f20208c98a446606aa351f9a7ba5ceaff0eb8",
                "sha256:3a0707f381f97e1287c0dbf94d95bd6c0bbf6e4eeeaa656f0076b7883010c818",
                "sha256:400e4ca8a59f71398e8fa56c4d2d6f535e2a121ddb57284ec15752ffce2dd63a",
                "sha256:422653083c6df6cec17fdb5d6106c209aad9b0c94131c53b073980403db22167",
                "sha256:511aa641a5b91d19280183b134fb6c473039d4dd82e987ac810cffba783521ac",
                "sha256:5df8b6369ee5ee2685fcc917f6c46b34e599c6e9a512fada6dfd752b909fa06a",
                "sha256:67f4e2fa81e1d99c01e7b1978ab0cbf3c9a8b663f683a709f87baad110d5b940",
                "sha256:68c7f753aec490c6566fd3cd301887c413ac3a588316e446f30a4134ac665668",
                "sha256:6a20f2f6e8818c1ab89dd4be6bbad3fc2ddb15287f89e7ea35f3eb849afebbd9",
                "sha256:6b953e09441e307504130755e5bd6b15850178d591f66292bba4608c4f7f9b00",
                "sha256:754f422aba8db8201a1073f25e2f732effc6471f8755708b16e6ebf19dd23634",
                "sha256:784dbd12925845a3f0757a956447e2fd31418abb5aeaebf3aca1203195f16fd1",
                "sha256:7d4c9ccd30e621e714ec24ca911ad8873567dc1ac1e5e914405ea9dd16b9d40c",
                "sha256:7e12272361e9722777c83b3f5b0bb91d402531f36e80c6e5fafb6acb89e897e3",
                "sha256:8cce79ce47c37132373fbdf55b683883c262a3a60763130e080b8394c1201d32",
                "sha256:8cd6117e33233f2de6bc896eea6a5a59b58a37db08f371157264e0ec5e51c76a",
                "sha256:8d472efa9c92e1b2933a22d2f1dbd5237087997136b24ac2b913bf4e8be03135",
                "sha256:91edcf9978ee401119e9c8589376ae37fd3e6e75ee365c49385cb005eaff1535",
                "sha256:9ae1d0094ce730e39e09656bc14074d9573cdd80adec1a55b06d8bf1f9613a01",
                "sha256:aa00b746138835271653b0c3da171d2a8b510c579381f71e8b8e03484d50d825",
                "sha256:aaa77af91df3f71858a1f792c74d3f2d3abf3875f93ab1a2b9a24b3797743b02",
                "sha256:b045ca5497a950cc3492840adb3bcb3b9e305ed6599ed14c6aeaa08011aa463f",
                "sha256:b40a3757a563ef77c3f2f9ea1732c2924e8b3b2bda3fa89513f949472ad40b6e",
                "sha256:baa76a6f707a6d22437fe9c7ec9719672fb04d4d9435a3e80ee9b1aaeb2089d9",
                "sha256:cec010d318a0238b1333ea9f40d5603d374cc026c29c4471e2661712c6682da1",
                "sha256:dd0d4ec694cab8a0a4d85f45f81ae0065465c4670f0db72ba48d6c4e7ae42834",
                "sha256:e2a9ddb5c6d1427056b8d62a1a172a18ae522b14d9ba5996b8281b09cba87edd",
                "sha256:e844be0831042aa91e847e5ab03bddd1089ab1a8dd0a1bf90411abf864f058b2",
                "sha256:e91947fda8354ea7faf698b084ebcdbabd239e7b15d8436fb74394f59a207ac9",
                "sha256:ea7fbc540bc04d5b05e5cd54e60ee8745ac665eedf2bad2ba9d12d5c7a7b7d2e",
                "sha256:ee29cf5cfc1e841708297633e1ce749aa851fb96830bbe51f2e5940741ff2441",
                "sha256:ef985eb2770900a485431910bd3f333b56d1a34b65f8c26a6ed8e8adf55f98d9",
                "sha256:f5c547d49a7e9d3f231e9323171bbbbcef63173fb007a2787cd4f05ac6269315",
                "sha256:fbea46c0fbc1c3bc8f957afd8dbb25b4ea3a356e18ee6dd79ace6cf32bd4cff7",
                "sha256:fd82932aaa224abd7d01e823b77aef9970f5ac1695027331d99e7f5fda9d37f5"
            ],
            "index": "pypi",
            "version": "==5.4.0"
        },
        "urllib3": {
            "hashes": [
                "sha256:44ece4d53fb1706f667c9bd1c648f5469a2ec925fcf3a776667042d645472c14",
                "sha256:aabaf16477806a5e1dd19aa41f8c2b7950dd3c746362d7e3223dbe6de6ac448e"
            ],
            "markers": "python_version >= '2.7' and python_version not in '3.0, 3.1, 3.2, 3.3, 3.4' and python_version < '4'",
            "version": "==1.26.9"
        },
        "uvicorn": {
            "hashes": [
                "sha256:639cdeb92cdb0205494ca36be03d08e05d57249491751feb5fc74b023a0d18f3"
            ],
            "index": "pypi",
            "version": "==0.9.0"
        },
        "uvloop": {
            "hashes": [
                "sha256:04ff57aa137230d8cc968f03481176041ae789308b4d5079118331ab01112450",
                "sha256:089b4834fd299d82d83a25e3335372f12117a7d38525217c2258e9b9f4578897",
                "sha256:1e5f2e2ff51aefe6c19ee98af12b4ae61f5be456cd24396953244a30880ad861",
                "sha256:30ba9dcbd0965f5c812b7c2112a1ddf60cf904c1c160f398e7eed3a6b82dcd9c",
                "sha256:3a19828c4f15687675ea912cc28bbcb48e9bb907c801873bd1519b96b04fb805",
                "sha256:6224f1401025b748ffecb7a6e2652b17768f30b1a6a3f7b44660e5b5b690b12d",
                "sha256:647e481940379eebd314c00440314c81ea547aa636056f554d491e40503c8464",
                "sha256:6ccd57ae8db17d677e9e06192e9c9ec4bd2066b77790f9aa7dede2cc4008ee8f",
                "sha256:772206116b9b57cd625c8a88f2413df2fcfd0b496eb188b82a43bed7af2c2ec9",
                "sha256:8e0d26fa5875d43ddbb0d9d79a447d2ace4180d9e3239788208527c4784f7cab",
                "sha256:98d117332cc9e5ea8dfdc2b28b0a23f60370d02e1395f88f40d1effd2cb86c4f",
                "sha256:b572256409f194521a9895aef274cea88731d14732343da3ecdb175228881638",
                "sha256:bd53f7f5db562f37cd64a3af5012df8cac2c464c97e732ed556800129505bd64",
                "sha256:bd8f42ea1ea8f4e84d265769089964ddda95eb2bb38b5cbe26712b0616c3edee",
                "sha256:e814ac2c6f9daf4c36eb8e85266859f42174a4ff0d71b99405ed559257750382",
                "sha256:f74bc20c7b67d1c27c72601c78cf95be99d5c2cdd4514502b4f3eb0933ff1228"
            ],
            "markers": "python_version >= '3.7'",
            "version": "==0.16.0"
        },
        "websockets": {
            "hashes": [
                "sha256:0e4fb4de42701340bd2353bb2eee45314651caa6ccee80dbd5f5d5978888fed5",
                "sha256:1d3f1bf059d04a4e0eb4985a887d49195e15ebabc42364f4eb564b1d065793f5",
                "sha256:20891f0dddade307ffddf593c733a3fdb6b83e6f9eef85908113e628fa5a8308",
                "sha256:295359a2cc78736737dd88c343cd0747546b2174b5e1adc223824bcaf3e164cb",
                "sha256:2db62a9142e88535038a6bcfea70ef9447696ea77891aebb730a333a51ed559a",
                "sha256:3762791ab8b38948f0c4d281c8b2ddfa99b7e510e46bd8dfa942a5fff621068c",
                "sha256:3db87421956f1b0779a7564915875ba774295cc86e81bc671631379371af1170",
                "sha256:3ef56fcc7b1ff90de46ccd5a687bbd13a3180132268c4254fc0fa44ecf4fc422",
                "sha256:4f9f7d28ce1d8f1295717c2c25b732c2bc0645db3215cf757551c392177d7cb8",
                "sha256:5c01fd846263a75bc8a2b9542606927cfad57e7282965d96b93c387622487485",
                "sha256:5c65d2da8c6bce0fca2528f69f44b2f977e06954c8512a952222cea50dad430f",
                "sha256:751a556205d8245ff94aeef23546a1113b1dd4f6e4d102ded66c39b99c2ce6c8",
                "sha256:7ff46d441db78241f4c6c27b3868c9ae71473fe03341340d2dfdbe8d79310acc",
                "sha256:965889d9f0e2a75edd81a07592d0ced54daa5b0785f57dc429c378edbcffe779",
                "sha256:9b248ba3dd8a03b1a10b19efe7d4f7fa41d158fdaa95e2cf65af5a7b95a4f989",
                "sha256:9bef37ee224e104a413f0780e29adb3e514a5b698aabe0d969a6ba426b8435d1",
                "sha256:c1ec8db4fac31850286b7cd3b9c0e1b944204668b8eb721674916d4e28744092",
                "sha256:c8a116feafdb1f84607cb3b14aa1418424ae71fee131642fc568d21423b51824",
                "sha256:ce85b06a10fc65e6143518b96d3dca27b081a740bae261c2fb20375801a9d56d",
                "sha256:d705f8aeecdf3262379644e4b55107a3b55860eb812b673b28d0fbc347a60c55",
                "sha256:e898a0863421650f0bebac8ba40840fc02258ef4714cb7e1fd76b6a6354bda36",
                "sha256:f8a7bff6e8664afc4e6c28b983845c5bc14965030e3fb98789734d416af77c4b"
            ],
            "markers": "python_full_version >= '3.6.1'",
            "version": "==8.1"
        }
    },
    "develop": {
        "appdirs": {
            "hashes": [
                "sha256:7d5d0167b2b1ba821647616af46a749d1c653740dd0d2415100fe26e27afdf41",
                "sha256:a841dacd6b99318a741b166adb07e19ee71a274450e68237b4650ca1055ab128"
            ],
            "version": "==1.4.4"
        },
        "attrs": {
            "hashes": [
                "sha256:2d27e3784d7a565d36ab851fe94887c5eccd6a463168875832a1be79c82828b4",
                "sha256:626ba8234211db98e869df76230a137c4c40a12d72445c45d5f5b716f076e2fd"
            ],
            "markers": "python_version >= '2.7' and python_version not in '3.0, 3.1, 3.2, 3.3, 3.4'",
            "version": "==21.4.0"
        },
        "autoflake": {
            "hashes": [
                "sha256:680cb9dade101ed647488238ccb8b8bfb4369b53d58ba2c8cdf7d5d54e01f95b"
            ],
            "index": "pypi",
            "version": "==1.3.1"
        },
        "black": {
            "hashes": [
                "sha256:09a9dcb7c46ed496a9850b76e4e825d6049ecd38b611f1224857a79bd985a8cf",
                "sha256:68950ffd4d9169716bcb8719a56c07a2f4485354fec061cdd5910aa07369731c"
            ],
            "index": "pypi",
            "version": "==19.3b0"
        },
        "certifi": {
            "hashes": [
                "sha256:84c85a9078b11105f04f3036a9482ae10e4621616db313fe045dd24743a0820d",
                "sha256:fe86415d55e84719d75f8b69414f6438ac3547d2078ab91b67e779ef69378412"
            ],
            "markers": "python_version >= '3.6'",
            "version": "==2022.6.15"
        },
        "charset-normalizer": {
            "hashes": [
                "sha256:5189b6f22b01957427f35b6a08d9a0bc45b46d3788ef5a92e978433c7a35f8a5",
                "sha256:575e708016ff3a5e3681541cb9d79312c416835686d054a23accb873b254f413"
            ],
            "markers": "python_version >= '3.6'",
            "version": "==2.1.0"
        },
        "click": {
            "hashes": [
                "sha256:d2b5255c7c6349bc1bd1e59e08cd12acbbd63ce649f2588755783aa94dfb6b1a",
                "sha256:dacca89f4bfadd5de3d7489b7c8a566eee0d3676333fbb50030263894c38c0dc"
            ],
            "markers": "python_version >= '2.7' and python_version not in '3.0, 3.1, 3.2, 3.3, 3.4'",
            "version": "==7.1.2"
        },
        "codecov": {
            "hashes": [
                "sha256:8ed8b7c6791010d359baed66f84f061bba5bd41174bf324c31311e8737602788",
                "sha256:ae00d68e18d8a20e9c3288ba3875ae03db3a8e892115bf9b83ef20507732bed4"
            ],
            "index": "pypi",
            "version": "==2.0.15"
        },
        "coverage": {
            "hashes": [
                "sha256:094378c3a35594335a840ea04d473c019e6d4fe10e343cd0d7fb5e87f8b7e926",
                "sha256:10216222f3e4139910b6230d0ca0fe9d10ee98837eb83d29525722d628729d20",
                "sha256:147478e21cba12c63b3454df5a2fb77b44df630428cffa3a36a6813e38157eab",
                "sha256:230ce08965190c0f69196be34a07a795981b2b02b21419c2e1918a882b3eeab0",
                "sha256:2469621d680a4c71cdbd3ea4dbed9d199bba93f21d2be1c107ded907b2db41a8",
                "sha256:26526174d11fb2163832628d943edd452e07528b0ecc0c83c88256a59a32287c",
                "sha256:2690bf0835f34ef3451860b02471e9560e4b3caf7413abeaa7544af72eb6d9ed",
                "sha256:2b6f2d9a60413e75651cebe33c3f2f66d61209db44e8b9cf6d8d66fb0cb01fda",
                "sha256:3ce91c6b92160ecefedf95a8c61fbf4fb36b0addef1a40c654acf1ad390653d0",
                "sha256:43d16d7e9e9eaace3d9f1828b617b1be248f90d031a4b2dc1b6e1c88f1602dcf",
                "sha256:52b6455da5f547cad72fd5cfc57a16678573fda6c695d257b5c266a44dbbd172",
                "sha256:533f3036c8f58e6381fcca3306fe988740638c62c7fc86b7fae9c74b85ac3cdc",
                "sha256:62d2abe5c733394058cb381d088bcab64a18da3ce9dc9a8ef2a18e122cbe47f1",
                "sha256:72c34f99164679e44a5cbf19bf1a13be4e715c680816302b6ceca49b979fde91",
                "sha256:81fc07feed4e40a7c0bdd266efa65e5afc83b5e0f1063007acc6759a957322a1",
                "sha256:82093e673182c761ce54dfab17f026a06be3c011fee9b653855b9a2649f20232",
                "sha256:87947fef728f72860407c446fd9b4a0f98e39e91ad7ae80803c02a85738e63ef",
                "sha256:8b18c5a5a6b35b6311d2c356782ce3c7bacf6d987d9dc479178577391bf1c7dd",
                "sha256:90e1850e993aa6b81bafaf672c8e508eaa17fbb5eb23aba93f7f4df822f3bd29",
                "sha256:99f71e365bcb03a8debe1a75061329c9e45379f244a229442319d64c53c4e844",
                "sha256:9b2c559104a90bf0043d6ef262ca205326d1fe6ec572dcf59e34be9289432793",
                "sha256:ad22b073d92ea65b063e612154c72d6367dec3dd47ed33c02e3ab339eabe7bf3",
                "sha256:bc3648da235fee2113a8cb80154d9fff4e2689d2d4a11ad35c1ecae23454b539",
                "sha256:d0e2478bde68c5d853bcd306b5aae8fbe80417e87957a21fa6ee71edb90639f2",
                "sha256:d3e6912d2370925222d2bfb3bd2ba02e9698b8da89cf7192ddf80cbb9f2455ee",
                "sha256:d4fa98e3e15863568ea89eaec5e0866ca763980bdc56098dd9316865c111a28e",
                "sha256:ee924a23457b373241ff39d21570360afd8ccb58520eb1e8e18eb00827b73e2d"
            ],
            "index": "pypi",
            "version": "==5.0a7"
        },
        "distlib": {
            "hashes": [
                "sha256:6564fe0a8f51e734df6333d08b8b94d4ea8ee6b99b5ed50613f731fd4089f34b",
                "sha256:e4b58818180336dc9c529bfb9a0b58728ffc09ad92027a3f30b7cd91e3458579"
            ],
            "version": "==0.3.4"
        },
        "entrypoints": {
            "hashes": [
                "sha256:589f874b313739ad35be6e0cd7efde2a4e9b6fea91edcc34e58ecbb8dbe56d19",
                "sha256:c70dd71abe5a8c85e55e12c19bd91ccfeec11a6e99044204511f9ed547d48451"
            ],
            "markers": "python_version >= '2.7'",
            "version": "==0.3"
        },
        "filelock": {
            "hashes": [
                "sha256:37def7b658813cda163b56fc564cdc75e86d338246458c4c28ae84cabefa2404",
                "sha256:3a0fd85166ad9dbab54c9aec96737b744106dc5f15c0b09a6744a445299fcf04"
            ],
            "markers": "python_version >= '3.7'",
            "version": "==3.7.1"
        },
        "flake8": {
            "hashes": [
                "sha256:19241c1cbc971b9962473e4438a2ca19749a7dd002dd1a946eaba171b4114548",
                "sha256:8e9dfa3cecb2400b3738a42c54c3043e821682b9c840b0448c0503f781130696"
            ],
            "index": "pypi",
            "version": "==3.7.8"
        },
        "flake8-bugbear": {
            "hashes": [
                "sha256:d8c466ea79d5020cb20bf9f11cf349026e09517a42264f313d3f6fddb83e0571",
                "sha256:ded4d282778969b5ab5530ceba7aa1a9f1b86fa7618fc96a19a1d512331640f8"
            ],
            "index": "pypi",
            "version": "==19.8.0"
        },
        "flake8-comprehensions": {
            "hashes": [
                "sha256:7b174ded3d7e73edf587e942458b6c1a7c3456d512d9c435deae367236b9562c",
                "sha256:e36fc12bd3833e0b34fe0639b7a817d32c86238987f532078c57eafdc7a8a219"
            ],
            "index": "pypi",
            "version": "==2.2.0"
        },
        "flake8-isort": {
            "hashes": [
                "sha256:1e67b6b90a9b980ac3ff73782087752d406ce0a729ed928b92797f9fa188917e",
                "sha256:81a8495eefed3f2f63f26cd2d766c7b1191e923a15b9106e6233724056572c68"
            ],
            "index": "pypi",
            "version": "==2.7.0"
        },
        "idna": {
            "hashes": [
                "sha256:84d9dd047ffa80596e0f246e2eab0b391788b0503584e8945f2368256d2735ff",
                "sha256:9d643ff0a55b762d5cdb124b8eaa99c66322e2157b69160bc32796e824360e6d"
            ],
            "markers": "python_version >= '3.5'",
            "version": "==3.3"
        },
        "importlib-metadata": {
            "hashes": [
                "sha256:aa18d7378b00b40847790e7c27e11673d7fed219354109d0e7b9e5b25dc3ad26",
                "sha256:d5f18a79777f3aa179c145737780282e27b508fc8fd688cb17c7a813e8bd39af"
            ],
            "markers": "python_version < '3.8'",
            "version": "==0.23"
        },
        "isort": {
            "hashes": [
                "sha256:6f62d78e2f89b4500b080fe3a81690850cd254227f27f75c3a0c491a1f351ba7",
                "sha256:e8443a5e7a020e9d7f97f1d7d9cd17c88bcb3bc7e218bf9cf5095fe550be2951"
            ],
            "markers": "python_version < '4' and python_full_version >= '3.6.1'",
            "version": "==5.10.1"
        },
        "mccabe": {
            "hashes": [
                "sha256:ab8a6258860da4b6677da4bd2fe5dc2c659cff31b3ee4f7f5d64e79735b80d42",
                "sha256:dd8d182285a0fe56bace7f45b5e7d1a6ebcbf524e8f3bd87eb0f125271b8831f"
            ],
            "version": "==0.6.1"
        },
        "packaging": {
            "hashes": [
                "sha256:dd47c42927d89ab911e606518907cc2d3a1f38bbd026385970643f9c5b8ecfeb",
                "sha256:ef103e05f519cdc783ae24ea4e2e0f508a9c99b2d4969652eed6a2e1ea5bd522"
            ],
            "markers": "python_version >= '3.6'",
            "version": "==21.3"
        },
        "platformdirs": {
            "hashes": [
                "sha256:027d8e83a2d7de06bbac4e5ef7e023c02b863d7ea5d079477e722bb41ab25788",
                "sha256:58c8abb07dcb441e6ee4b11d8df0ac856038f944ab98b7be6b27b2a3c7feef19"
            ],
            "markers": "python_version >= '3.7'",
            "version": "==2.5.2"
        },
        "pluggy": {
            "hashes": [
                "sha256:15b2acde666561e1298d71b523007ed7364de07029219b604cf808bfa1c765b0",
                "sha256:966c145cd83c96502c3c3868f50408687b38434af77734af1e9ca461a4081d2d"
            ],
            "markers": "python_version >= '2.7' and python_version not in '3.0, 3.1, 3.2, 3.3'",
            "version": "==0.13.1"
        },
        "py": {
            "hashes": [
                "sha256:51c75c4126074b472f746a24399ad32f6053d1b34b68d2fa41e558e6f4a98719",
                "sha256:607c53218732647dff4acdfcd50cb62615cedf612e72d1724fb1a0cc6405b378"
            ],
            "markers": "python_version >= '2.7' and python_version not in '3.0, 3.1, 3.2, 3.3, 3.4'",
            "version": "==1.11.0"
        },
        "pycodestyle": {
            "hashes": [
                "sha256:95a2219d12372f05704562a14ec30bc76b05a5b297b21a5dfe3f6fac3491ae56",
                "sha256:e40a936c9a450ad81df37f549d676d127b1b66000a6c500caa2b085bc0ca976c"
            ],
            "markers": "python_version >= '2.7' and python_version not in '3.0, 3.1, 3.2, 3.3'",
            "version": "==2.5.0"
        },
        "pyflakes": {
            "hashes": [
                "sha256:17dbeb2e3f4d772725c777fabc446d5634d1038f234e77343108ce445ea69ce0",
                "sha256:d976835886f8c5b31d47970ed689944a0262b5f3afa00a5a7b4dc81e5449f8a2"
            ],
            "markers": "python_version >= '2.7' and python_version not in '3.0, 3.1, 3.2, 3.3'",
            "version": "==2.1.1"
        },
        "pyparsing": {
            "hashes": [
                "sha256:2b020ecf7d21b687f219b71ecad3631f644a47f01403fa1d1036b0c6416d70fb",
                "sha256:5026bae9a10eeaefb61dab2f09052b9f4307d44aee4eda64b309723d8d206bbc"
            ],
            "markers": "python_full_version >= '3.6.8'",
            "version": "==3.0.9"
        },
        "requests": {
            "hashes": [
                "sha256:7c5599b102feddaa661c826c56ab4fee28bfd17f5abca1ebbe3e7f19d7c97983",
                "sha256:8fefa2a1a1365bf5520aac41836fbee479da67864514bdb821f31ce07ce65349"
            ],
            "markers": "python_version >= '3.7' and python_version < '4'",
            "version": "==2.28.1"
        },
        "six": {
            "hashes": [
                "sha256:1e61c37477a1626458e36f7b1d82aa5c9b094fa4802892072e49de9c60c4c926",
                "sha256:8abb2f1d86890a2dfb989f9a77cfcfd3e47c2a354b01111771326f8aa26e0254"
            ],
            "markers": "python_version >= '2.7' and python_version not in '3.0, 3.1, 3.2, 3.3'",
            "version": "==1.16.0"
        },
        "testfixtures": {
            "hashes": [
                "sha256:02dae883f567f5b70fd3ad3c9eefb95912e78ac90be6c7444b5e2f46bf572c84",
                "sha256:7de200e24f50a4a5d6da7019fb1197aaf5abd475efb2ec2422fdcf2f2eb98c1d"
            ],
            "version": "==6.18.5"
        },
        "toml": {
            "hashes": [
                "sha256:806143ae5bfb6a3c6e736a764057db0e6a0e05e338b5630894a5f779cabb4f9b",
                "sha256:b3bda1d108d5dd99f4a20d24d9c348e91c4db7ab1b749200bded2f839ccbe68f"
            ],
            "markers": "python_version >= '2.6' and python_version not in '3.0, 3.1, 3.2, 3.3'",
            "version": "==0.10.2"
        },
        "tox": {
            "hashes": [
                "sha256:0bc216b6a2e6afe764476b4a07edf2c1dab99ed82bb146a1130b2e828f5bff5e",
                "sha256:c4f6b319c20ba4913dbfe71ebfd14ff95d1853c4231493608182f66e566ecfe1"
            ],
            "index": "pypi",
            "version": "==3.14.0"
        },
        "urllib3": {
            "hashes": [
                "sha256:44ece4d53fb1706f667c9bd1c648f5469a2ec925fcf3a776667042d645472c14",
                "sha256:aabaf16477806a5e1dd19aa41f8c2b7950dd3c746362d7e3223dbe6de6ac448e"
            ],
            "markers": "python_version >= '2.7' and python_version not in '3.0, 3.1, 3.2, 3.3, 3.4' and python_version < '4'",
            "version": "==1.26.9"
        },
        "virtualenv": {
            "hashes": [
                "sha256:288171134a2ff3bfb1a2f54f119e77cd1b81c29fc1265a2356f3e8d14c7d58c4",
                "sha256:b30aefac647e86af6d82bfc944c556f8f1a9c90427b2fb4e3bfbf338cb82becf"
            ],
            "markers": "python_version >= '2.7' and python_version not in '3.0, 3.1, 3.2, 3.3, 3.4'",
            "version": "==20.15.1"
        },
        "zipp": {
            "hashes": [
                "sha256:56bf8aadb83c24db6c4b577e13de374ccfb67da2078beba1d037c17980bf43ad",
                "sha256:c4f6e5bbf48e74f7a38e7cc5b0480ff42b0ae5178957d564d18932525d5cf099"
            ],
            "markers": "python_version >= '3.7'",
            "version": "==3.8.0"
        }
    }
}
